
Microsoft Visual Studio Solution File, Format Version 12.00
# Visual Studio Version 17
VisualStudioVersion = 17.14.36616.10 d17.14
MinimumVisualStudioVersion = 10.0.40219.1
Project("{FAE04EC0-301F-11D3-BF4B-00C04F79EFBC}") = "PrjTcm", "PrjTcm\PrjTcm.csproj", "{224C2856-76B0-43AE-8E7B-C134E60E3864}"
EndProject
Global
	GlobalSection(SolutionConfigurationPlatforms) = preSolution
		Debug|Any CPU = Debug|Any CPU
		Release|Any CPU = Release|Any CPU
	EndGlobalSection
	GlobalSection(ProjectConfigurationPlatforms) = postSolution
		{224C2856-76B0-43AE-8E7B-C134E60E3864}.Debug|Any CPU.ActiveCfg = Debug|Any CPU
		{224C2856-76B0-43AE-8E7B-C134E60E3864}.Debug|Any CPU.Build.0 = Debug|Any CPU
		{224C2856-76B0-43AE-8E7B-C134E60E3864}.Release|Any CPU.ActiveCfg = Release|Any CPU
		{224C2856-76B0-43AE-8E7B-C134E60E3864}.Release|Any CPU.Build.0 = Release|Any CPU
	EndGlobalSection
	GlobalSection(SolutionProperties) = preSolution
		HideSolutionNode = FALSE
	EndGlobalSection
	GlobalSection(ExtensibilityGlobals) = postSolution
		SolutionGuid = {E02A6E55-9664-4625-81A5-F27B9379CA36}
	EndGlobalSection
EndGlobal
